
Microsoft Visual Studio Solution File, Format Version 12.00
# Visual Studio 2012
Project("{8BC9CEB8-8B4A-11D0-8D11-00A0C91BC942}") = "ShareTaxi", "ShareTaxi\ShareTaxi.vcxproj", "{4E1E77A3-3171-4BDB-9652-2C93B83F4D8C}"
EndProject
Global
	GlobalSection(SolutionConfigurationPlatforms) = preSolution
		Debug|Win32 = Debug|Win32
		Release|Win32 = Release|Win32
	EndGlobalSection
	GlobalSection(ProjectConfigurationPlatforms) = postSolution
		{4E1E77A3-3171-4BDB-9652-2C93B83F4D8C}.Debug|Win32.ActiveCfg = Debug|Win32
		{4E1E77A3-3171-4BDB-9652-2C93B83F4D8C}.Debug|Win32.Build.0 = Debug|Win32
		{4E1E77A3-3171-4BDB-9652-2C93B83F4D8C}.Release|Win32.ActiveCfg = Release|Win32
		{4E1E77A3-3171-4BDB-9652-2C93B83F4D8C}.Release|Win32.Build.0 = Release|Win32
	EndGlobalSection
	GlobalSection(SolutionProperties) = preSolution
		HideSolutionNode = FALSE
	EndGlobalSection
EndGlobal
